# This file is automatically @generated by Cargo.
# It is not intended for manual editing.
version = 3

[[package]]
name = "bitflags"
version = "2.4.2"
source = "registry+https://github.com/rust-lang/crates.io-index"
checksum = "ed570934406eb16438a4e976b1b4500774099c13b8cb96eec99f620f05090ddf"

[[package]]
name = "bread"
version = "0.1.0"
dependencies = [
 "effie",
 "linux-raw-sys",
]

[[package]]
name = "effie"
version = "0.1.0"
dependencies = [
 "bitflags",
 "uguid",
]

[[package]]
name = "linux-raw-sys"
version = "0.6.4"
source = "git+https://github.com/morr0ne/linux-raw-sys.git?branch=bootparam#d9985e14993d58f5beb1afa5bf40bc8a7c1e14d3"

[[package]]
name = "uguid"
version = "2.2.0"
source = "registry+https://github.com/rust-lang/crates.io-index"
checksum = "ab14ea9660d240e7865ce9d54ecdbd1cd9fa5802ae6f4512f093c7907e921533"
