# This file is automatically @generated by Cargo.
# It is not intended for manual editing.
version = 3

[[package]]
name = "bitflags"
version = "2.5.0"
source = "registry+https://github.com/rust-lang/crates.io-index"
checksum = "cf4b9d6a944f767f8e5e0db018570623c85f3d925ac718db4e06d0187adb21c1"

[[package]]
name = "bread"
version = "0.1.0"
dependencies = [
 "effie",
 "itoa",
 "linux-raw-sys",
]

[[package]]
name = "effie"
version = "0.1.0"
dependencies = [
 "bitflags",
 "effie-macros",
 "uguid",
]

[[package]]
name = "effie-macros"
version = "0.1.0"
dependencies = [
 "quote",
 "syn",
]

[[package]]
name = "itoa"
version = "1.0.11"
source = "registry+https://github.com/rust-lang/crates.io-index"
checksum = "49f1f14873335454500d59611f1cf4a4b0f786f9ac11f4312a78e4cf2566695b"

[[package]]
name = "linux-raw-sys"
version = "0.6.4"
source = "git+https://github.com/sunfishcode/linux-raw-sys.git#364c767b47db561c5951ca81efe223849ceeca48"

[[package]]
name = "proc-macro2"
version = "1.0.82"
source = "registry+https://github.com/rust-lang/crates.io-index"
checksum = "8ad3d49ab951a01fbaafe34f2ec74122942fe18a3f9814c3268f1bb72042131b"
dependencies = [
 "unicode-ident",
]

[[package]]
name = "quote"
version = "1.0.36"
source = "registry+https://github.com/rust-lang/crates.io-index"
checksum = "0fa76aaf39101c457836aec0ce2316dbdc3ab723cdda1c6bd4e6ad4208acaca7"
dependencies = [
 "proc-macro2",
]

[[package]]
name = "syn"
version = "2.0.62"
source = "registry+https://github.com/rust-lang/crates.io-index"
checksum = "9f660c3bfcefb88c538776b6685a0c472e3128b51e74d48793dc2a488196e8eb"
dependencies = [
 "proc-macro2",
 "quote",
 "unicode-ident",
]

[[package]]
name = "uguid"
version = "2.2.0"
source = "registry+https://github.com/rust-lang/crates.io-index"
checksum = "ab14ea9660d240e7865ce9d54ecdbd1cd9fa5802ae6f4512f093c7907e921533"

[[package]]
name = "unicode-ident"
version = "1.0.12"
source = "registry+https://github.com/rust-lang/crates.io-index"
checksum = "3354b9ac3fae1ff6755cb6db53683adb661634f67557942dea4facebec0fee4b"
